
Microsoft Visual Studio Solution File, Format Version 12.00
# Visual Studio Version 17
VisualStudioVersion = 17.14.37012.4 d17.14
MinimumVisualStudioVersion = 10.0.40219.1
Project("{8BC9CEB8-8B4A-11D0-8D11-00A0C91BC942}") = "MidTerm", "MidTerm.vcxproj", "{27229595-CF4E-4D1D-8BF0-DF9A9935B36A}"
EndProject
Global
	GlobalSection(SolutionConfigurationPlatforms) = preSolution
		Debug|x64 = Debug|x64
		Debug|x86 = Debug|x86
		Release|x64 = Release|x64
		Release|x86 = Release|x86
	EndGlobalSection
	GlobalSection(ProjectConfigurationPlatforms) = postSolution
		{27229595-CF4E-4D1D-8BF0-DF9A9935B36A}.Debug|x64.ActiveCfg = Debug|x64
		{27229595-CF4E-4D1D-8BF0-DF9A9935B36A}.Debug|x64.Build.0 = Debug|x64
		{27229595-CF4E-4D1D-8BF0-DF9A9935B36A}.Debug|x86.ActiveCfg = Debug|Win32
		{27229595-CF4E-4D1D-8BF0-DF9A9935B36A}.Debug|x86.Build.0 = Debug|Win32
		{27229595-CF4E-4D1D-8BF0-DF9A9935B36A}.Release|x64.ActiveCfg = Release|x64
		{27229595-CF4E-4D1D-8BF0-DF9A9935B36A}.Release|x64.Build.0 = Release|x64
		{27229595-CF4E-4D1D-8BF0-DF9A9935B36A}.Release|x86.ActiveCfg = Release|Win32
		{27229595-CF4E-4D1D-8BF0-DF9A9935B36A}.Release|x86.Build.0 = Release|Win32
	EndGlobalSection
	GlobalSection(SolutionProperties) = preSolution
		HideSolutionNode = FALSE
	EndGlobalSection
	GlobalSection(ExtensibilityGlobals) = postSolution
		SolutionGuid = {CF1163B4-AB44-433A-A65E-5BBCB2DBC75D}
	EndGlobalSection
EndGlobal
